// !$*UTF8*$!
{
	archiveVersion = 1;
	classes = {
	};
	objectVersion = 77;
	objects = {

/* Begin PBXBuildFile section */
		D597D6772DA4D11700035DB4 /* FirebaseAnalytics in Frameworks */ = {isa = PBXBuildFile; productRef = D597D6762DA4D11700035DB4 /* FirebaseAnalytics */; };
		D597D6792DA4D11700035DB4 /* FirebaseAnalyticsOnDeviceConversion in Frameworks */ = {isa = PBXBuildFile; productRef = D597D6782DA4D11700035DB4 /* FirebaseAnalyticsOnDeviceConversion */; };
		D597D67B2DA4D11700035DB4 /* FirebaseAnalyticsWithoutAdIdSupport in Frameworks */ = {isa = PBXBuildFile; productRef = D597D67A2DA4D11700035DB4 /* FirebaseAnalyticsWithoutAdIdSupport */; };
		D597D67D2DA4D11700035DB4 /* FirebaseAppCheck in Frameworks */ = {isa = PBXBuildFile; productRef = D597D67C2DA4D11700035DB4 /* FirebaseAppCheck */; };
		D597D67F2DA4D11700035DB4 /* FirebaseAppDistribution-Beta in Frameworks */ = {isa = PBXBuildFile; productRef = D597D67E2DA4D11700035DB4 /* FirebaseAppDistribution-Beta */; };
		D597D6812DA4D11700035DB4 /* FirebaseAuth in Frameworks */ = {isa = PBXBuildFile; productRef = D597D6802DA4D11700035DB4 /* FirebaseAuth */; };
		D597D6832DA4D11700035DB4 /* FirebaseAuthCombine-Community in Frameworks */ = {isa = PBXBuildFile; productRef = D597D6822DA4D11700035DB4 /* FirebaseAuthCombine-Community */; };
		D597D6852DA4D11700035DB4 /* FirebaseCore in Frameworks */ = {isa = PBXBuildFile; productRef = D597D6842DA4D11700035DB4 /* FirebaseCore */; };
		D597D6872DA4D11700035DB4 /* FirebaseCrashlytics in Frameworks */ = {isa = PBXBuildFile; productRef = D597D6862DA4D11700035DB4 /* FirebaseCrashlytics */; };
		D597D6892DA4D11700035DB4 /* FirebaseDatabase in Frameworks */ = {isa = PBXBuildFile; productRef = D597D6882DA4D11700035DB4 /* FirebaseDatabase */; };
		D597D68B2DA4D11700035DB4 /* FirebaseDynamicLinks in Frameworks */ = {isa = PBXBuildFile; productRef = D597D68A2DA4D11700035DB4 /* FirebaseDynamicLinks */; };
		D597D68D2DA4D11700035DB4 /* FirebaseFirestore in Frameworks */ = {isa = PBXBuildFile; productRef = D597D68C2DA4D11700035DB4 /* FirebaseFirestore */; };
		D597D68F2DA4D11700035DB4 /* FirebaseFirestoreCombine-Community in Frameworks */ = {isa = PBXBuildFile; productRef = D597D68E2DA4D11700035DB4 /* FirebaseFirestoreCombine-Community */; };
		D597D6912DA4D11700035DB4 /* FirebaseFunctions in Frameworks */ = {isa = PBXBuildFile; productRef = D597D6902DA4D11700035DB4 /* FirebaseFunctions */; };
		D597D6932DA4D11700035DB4 /* FirebaseFunctionsCombine-Community in Frameworks */ = {isa = PBXBuildFile; productRef = D597D6922DA4D11700035DB4 /* FirebaseFunctionsCombine-Community */; };
		D597D6952DA4D11700035DB4 /* FirebaseInAppMessaging-Beta in Frameworks */ = {isa = PBXBuildFile; productRef = D597D6942DA4D11700035DB4 /* FirebaseInAppMessaging-Beta */; };
		D597D6972DA4D11700035DB4 /* FirebaseInstallations in Frameworks */ = {isa = PBXBuildFile; productRef = D597D6962DA4D11700035DB4 /* FirebaseInstallations */; };
		D597D6992DA4D11700035DB4 /* FirebaseMLModelDownloader in Frameworks */ = {isa = PBXBuildFile; productRef = D597D6982DA4D11700035DB4 /* FirebaseMLModelDownloader */; };
		D597D69B2DA4D11700035DB4 /* FirebaseMessaging in Frameworks */ = {isa = PBXBuildFile; productRef = D597D69A2DA4D11700035DB4 /* FirebaseMessaging */; };
		D597D69D2DA4D11700035DB4 /* FirebasePerformance in Frameworks */ = {isa = PBXBuildFile; productRef = D597D69C2DA4D11700035DB4 /* FirebasePerformance */; };
		D597D69F2DA4D11700035DB4 /* FirebaseRemoteConfig in Frameworks */ = {isa = PBXBuildFile; productRef = D597D69E2DA4D11700035DB4 /* FirebaseRemoteConfig */; };
		D597D6A12DA4D11700035DB4 /* FirebaseStorage in Frameworks */ = {isa = PBXBuildFile; productRef = D597D6A02DA4D11700035DB4 /* FirebaseStorage */; };
		D597D6A32DA4D11700035DB4 /* FirebaseStorageCombine-Community in Frameworks */ = {isa = PBXBuildFile; productRef = D597D6A22DA4D11700035DB4 /* FirebaseStorageCombine-Community */; };
		D597D6A52DA4D11700035DB4 /* FirebaseVertexAI in Frameworks */ = {isa = PBXBuildFile; productRef = D597D6A42DA4D11700035DB4 /* FirebaseVertexAI */; };
/* End PBXBuildFile section */

/* Begin PBXFileReference section */
		D597D60F2DA4C17D00035DB4 /* Luper.app */ = {isa = PBXFileReference; explicitFileType = wrapper.application; includeInIndex = 0; path = Luper.app; sourceTree = BUILT_PRODUCTS_DIR; };
/* End PBXFileReference section */

/* Begin PBXFileSystemSynchronizedRootGroup section */
		D597D6112DA4C17D00035DB4 /* Luper */ = {
			isa = PBXFileSystemSynchronizedRootGroup;
			path = Luper;
			sourceTree = "<group>";
		};
/* End PBXFileSystemSynchronizedRootGroup section */

/* Begin PBXFrameworksBuildPhase section */
		D597D60C2DA4C17D00035DB4 /* Frameworks */ = {
			isa = PBXFrameworksBuildPhase;
			buildActionMask = 2147483647;
			files = (
				D597D68F2DA4D11700035DB4 /* FirebaseFirestoreCombine-Community in Frameworks */,
				D597D6A52DA4D11700035DB4 /* FirebaseVertexAI in Frameworks */,
				D597D6912DA4D11700035DB4 /* FirebaseFunctions in Frameworks */,
				D597D69D2DA4D11700035DB4 /* FirebasePerformance in Frameworks */,
				D597D6A32DA4D11700035DB4 /* FirebaseStorageCombine-Community in Frameworks */,
				D597D69F2DA4D11700035DB4 /* FirebaseRemoteConfig in Frameworks */,
				D597D6892DA4D11700035DB4 /* FirebaseDatabase in Frameworks */,
				D597D68B2DA4D11700035DB4 /* FirebaseDynamicLinks in Frameworks */,
				D597D67D2DA4D11700035DB4 /* FirebaseAppCheck in Frameworks */,
				D597D6812DA4D11700035DB4 /* FirebaseAuth in Frameworks */,
				D597D6772DA4D11700035DB4 /* FirebaseAnalytics in Frameworks */,
				D597D68D2DA4D11700035DB4 /* FirebaseFirestore in Frameworks */,
				D597D69B2DA4D11700035DB4 /* FirebaseMessaging in Frameworks */,
				D597D6972DA4D11700035DB4 /* FirebaseInstallations in Frameworks */,
				D597D6932DA4D11700035DB4 /* FirebaseFunctionsCombine-Community in Frameworks */,
				D597D67F2DA4D11700035DB4 /* FirebaseAppDistribution-Beta in Frameworks */,
				D597D67B2DA4D11700035DB4 /* FirebaseAnalyticsWithoutAdIdSupport in Frameworks */,
				D597D6952DA4D11700035DB4 /* FirebaseInAppMessaging-Beta in Frameworks */,
				D597D6832DA4D11700035DB4 /* FirebaseAuthCombine-Community in Frameworks */,
				D597D6872DA4D11700035DB4 /* FirebaseCrashlytics in Frameworks */,
				D597D6992DA4D11700035DB4 /* FirebaseMLModelDownloader in Frameworks */,
				D597D6A12DA4D11700035DB4 /* FirebaseStorage in Frameworks */,
				D597D6852DA4D11700035DB4 /* FirebaseCore in Frameworks */,
				D597D6792DA4D11700035DB4 /* FirebaseAnalyticsOnDeviceConversion in Frameworks */,
			);
			runOnlyForDeploymentPostprocessing = 0;
		};
/* End PBXFrameworksBuildPhase section */

/* Begin PBXGroup section */
		D597D6062DA4C17D00035DB4 = {
			isa = PBXGroup;
			children = (
				D597D6112DA4C17D00035DB4 /* Luper */,
				D597D6102DA4C17D00035DB4 /* Products */,
			);
			sourceTree = "<group>";
		};
		D597D6102DA4C17D00035DB4 /* Products */ = {
			isa = PBXGroup;
			children = (
				D597D60F2DA4C17D00035DB4 /* Luper.app */,
			);
			name = Products;
			sourceTree = "<group>";
		};
/* End PBXGroup section */

/* Begin PBXNativeTarget section */
		D597D60E2DA4C17D00035DB4 /* Luper */ = {
			isa = PBXNativeTarget;
			buildConfigurationList = D597D61D2DA4C17E00035DB4 /* Build configuration list for PBXNativeTarget "Luper" */;
			buildPhases = (
				D597D60B2DA4C17D00035DB4 /* Sources */,
				D597D60C2DA4C17D00035DB4 /* Frameworks */,
				D597D60D2DA4C17D00035DB4 /* Resources */,
			);
			buildRules = (
			);
			dependencies = (
			);
			fileSystemSynchronizedGroups = (
				D597D6112DA4C17D00035DB4 /* Luper */,
			);
			name = Luper;
			packageProductDependencies = (
				D597D6762DA4D11700035DB4 /* FirebaseAnalytics */,
				D597D6782DA4D11700035DB4 /* FirebaseAnalyticsOnDeviceConversion */,
				D597D67A2DA4D11700035DB4 /* FirebaseAnalyticsWithoutAdIdSupport */,
				D597D67C2DA4D11700035DB4 /* FirebaseAppCheck */,
				D597D67E2DA4D11700035DB4 /* FirebaseAppDistribution-Beta */,
				D597D6802DA4D11700035DB4 /* FirebaseAuth */,
				D597D6822DA4D11700035DB4 /* FirebaseAuthCombine-Community */,
				D597D6842DA4D11700035DB4 /* FirebaseCore */,
				D597D6862DA4D11700035DB4 /* FirebaseCrashlytics */,
				D597D6882DA4D11700035DB4 /* FirebaseDatabase */,
				D597D68A2DA4D11700035DB4 /* FirebaseDynamicLinks */,
				D597D68C2DA4D11700035DB4 /* FirebaseFirestore */,
				D597D68E2DA4D11700035DB4 /* FirebaseFirestoreCombine-Community */,
				D597D6902DA4D11700035DB4 /* FirebaseFunctions */,
				D597D6922DA4D11700035DB4 /* FirebaseFunctionsCombine-Community */,
				D597D6942DA4D11700035DB4 /* FirebaseInAppMessaging-Beta */,
				D597D6962DA4D11700035DB4 /* FirebaseInstallations */,
				D597D6982DA4D11700035DB4 /* FirebaseMLModelDownloader */,
				D597D69A2DA4D11700035DB4 /* FirebaseMessaging */,
				D597D69C2DA4D11700035DB4 /* FirebasePerformance */,
				D597D69E2DA4D11700035DB4 /* FirebaseRemoteConfig */,
				D597D6A02DA4D11700035DB4 /* FirebaseStorage */,
				D597D6A22DA4D11700035DB4 /* FirebaseStorageCombine-Community */,
				D597D6A42DA4D11700035DB4 /* FirebaseVertexAI */,
			);
			productName = Luper;
			productReference = D597D60F2DA4C17D00035DB4 /* Luper.app */;
			productType = "com.apple.product-type.application";
		};
/* End PBXNativeTarget section */

/* Begin PBXProject section */
		D597D6072DA4C17D00035DB4 /* Project object */ = {
			isa = PBXProject;
			attributes = {
				BuildIndependentTargetsInParallel = 1;
				LastSwiftUpdateCheck = 1610;
				LastUpgradeCheck = 1610;
				TargetAttributes = {
					D597D60E2DA4C17D00035DB4 = {
						CreatedOnToolsVersion = 16.1;
					};
				};
			};
			buildConfigurationList = D597D60A2DA4C17D00035DB4 /* Build configuration list for PBXProject "Luper" */;
			developmentRegion = en;
			hasScannedForEncodings = 0;
			knownRegions = (
				en,
				Base,
			);
			mainGroup = D597D6062DA4C17D00035DB4;
			minimizedProjectReferenceProxies = 1;
			packageReferences = (
				D597D6752DA4D11700035DB4 /* XCRemoteSwiftPackageReference "firebase-ios-sdk" */,
			);
			preferredProjectObjectVersion = 77;
			productRefGroup = D597D6102DA4C17D00035DB4 /* Products */;
			projectDirPath = "";
			projectRoot = "";
			targets = (
				D597D60E2DA4C17D00035DB4 /* Luper */,
			);
		};
/* End PBXProject section */

/* Begin PBXResourcesBuildPhase section */
		D597D60D2DA4C17D00035DB4 /* Resources */ = {
			isa = PBXResourcesBuildPhase;
			buildActionMask = 2147483647;
			files = (
			);
			runOnlyForDeploymentPostprocessing = 0;
		};
/* End PBXResourcesBuildPhase section */

/* Begin PBXSourcesBuildPhase section */
		D597D60B2DA4C17D00035DB4 /* Sources */ = {
			isa = PBXSourcesBuildPhase;
			buildActionMask = 2147483647;
			files = (
			);
			runOnlyForDeploymentPostprocessing = 0;
		};
/* End PBXSourcesBuildPhase section */

/* Begin XCBuildConfiguration section */
		D597D61B2DA4C17E00035DB4 /* Debug */ = {
			isa = XCBuildConfiguration;
			buildSettings = {
				ALWAYS_SEARCH_USER_PATHS = NO;
				ASSETCATALOG_COMPILER_GENERATE_SWIFT_ASSET_SYMBOL_EXTENSIONS = YES;
				CLANG_ANALYZER_NONNULL = YES;
				CLANG_ANALYZER_NUMBER_OBJECT_CONVERSION = YES_AGGRESSIVE;
				CLANG_CXX_LANGUAGE_STANDARD = "gnu++20";
				CLANG_ENABLE_MODULES = YES;
				CLANG_ENABLE_OBJC_ARC = YES;
				CLANG_ENABLE_OBJC_WEAK = YES;
				CLANG_WARN_BLOCK_CAPTURE_AUTORELEASING = YES;
				CLANG_WARN_BOOL_CONVERSION = YES;
				CLANG_WARN_COMMA = YES;
				CLANG_WARN_CONSTANT_CONVERSION = YES;
				CLANG_WARN_DEPRECATED_OBJC_IMPLEMENTATIONS = YES;
				CLANG_WARN_DIRECT_OBJC_ISA_USAGE = YES_ERROR;
				CLANG_WARN_DOCUMENTATION_COMMENTS = YES;
				CLANG_WARN_EMPTY_BODY = YES;
				CLANG_WARN_ENUM_CONVERSION = YES;
				CLANG_WARN_INFINITE_RECURSION = YES;
				CLANG_WARN_INT_CONVERSION = YES;
				CLANG_WARN_NON_LITERAL_NULL_CONVERSION = YES;
				CLANG_WARN_OBJC_IMPLICIT_RETAIN_SELF = YES;
				CLANG_WARN_OBJC_LITERAL_CONVERSION = YES;
				CLANG_WARN_OBJC_ROOT_CLASS = YES_ERROR;
				CLANG_WARN_QUOTED_INCLUDE_IN_FRAMEWORK_HEADER = YES;
				CLANG_WARN_RANGE_LOOP_ANALYSIS = YES;
				CLANG_WARN_STRICT_PROTOTYPES = YES;
				CLANG_WARN_SUSPICIOUS_MOVE = YES;
				CLANG_WARN_UNGUARDED_AVAILABILITY = YES_AGGRESSIVE;
				CLANG_WARN_UNREACHABLE_CODE = YES;
				CLANG_WARN__DUPLICATE_METHOD_MATCH = YES;
				COPY_PHASE_STRIP = NO;
				DEBUG_INFORMATION_FORMAT = dwarf;
				ENABLE_STRICT_OBJC_MSGSEND = YES;
				ENABLE_TESTABILITY = YES;
				ENABLE_USER_SCRIPT_SANDBOXING = YES;
				GCC_C_LANGUAGE_STANDARD = gnu17;
				GCC_DYNAMIC_NO_PIC = NO;
				GCC_NO_COMMON_BLOCKS = YES;
				GCC_OPTIMIZATION_LEVEL = 0;
				GCC_PREPROCESSOR_DEFINITIONS = (
					"DEBUG=1",
					"$(inherited)",
				);
				GCC_WARN_64_TO_32_BIT_CONVERSION = YES;
				GCC_WARN_ABOUT_RETURN_TYPE = YES_ERROR;
				GCC_WARN_UNDECLARED_SELECTOR = YES;
				GCC_WARN_UNINITIALIZED_AUTOS = YES_AGGRESSIVE;
				GCC_WARN_UNUSED_FUNCTION = YES;
				GCC_WARN_UNUSED_VARIABLE = YES;
				IPHONEOS_DEPLOYMENT_TARGET = 18.1;
				LOCALIZATION_PREFERS_STRING_CATALOGS = YES;
				MTL_ENABLE_DEBUG_INFO = INCLUDE_SOURCE;
				MTL_FAST_MATH = YES;
				ONLY_ACTIVE_ARCH = YES;
				SDKROOT = iphoneos;
				SWIFT_ACTIVE_COMPILATION_CONDITIONS = "DEBUG $(inherited)";
				SWIFT_OPTIMIZATION_LEVEL = "-Onone";
			};
			name = Debug;
		};
		D597D61C2DA4C17E00035DB4 /* Release */ = {
			isa = XCBuildConfiguration;
			buildSettings = {
				ALWAYS_SEARCH_USER_PATHS = NO;
				ASSETCATALOG_COMPILER_GENERATE_SWIFT_ASSET_SYMBOL_EXTENSIONS = YES;
				CLANG_ANALYZER_NONNULL = YES;
				CLANG_ANALYZER_NUMBER_OBJECT_CONVERSION = YES_AGGRESSIVE;
				CLANG_CXX_LANGUAGE_STANDARD = "gnu++20";
				CLANG_ENABLE_MODULES = YES;
				CLANG_ENABLE_OBJC_ARC = YES;
				CLANG_ENABLE_OBJC_WEAK = YES;
				CLANG_WARN_BLOCK_CAPTURE_AUTORELEASING = YES;
				CLANG_WARN_BOOL_CONVERSION = YES;
				CLANG_WARN_COMMA = YES;
				CLANG_WARN_CONSTANT_CONVERSION = YES;
				CLANG_WARN_DEPRECATED_OBJC_IMPLEMENTATIONS = YES;
				CLANG_WARN_DIRECT_OBJC_ISA_USAGE = YES_ERROR;
				CLANG_WARN_DOCUMENTATION_COMMENTS = YES;
				CLANG_WARN_EMPTY_BODY = YES;
				CLANG_WARN_ENUM_CONVERSION = YES;
				CLANG_WARN_INFINITE_RECURSION = YES;
				CLANG_WARN_INT_CONVERSION = YES;
				CLANG_WARN_NON_LITERAL_NULL_CONVERSION = YES;
				CLANG_WARN_OBJC_IMPLICIT_RETAIN_SELF = YES;
				CLANG_WARN_OBJC_LITERAL_CONVERSION = YES;
				CLANG_WARN_OBJC_ROOT_CLASS = YES_ERROR;
				CLANG_WARN_QUOTED_INCLUDE_IN_FRAMEWORK_HEADER = YES;
				CLANG_WARN_RANGE_LOOP_ANALYSIS = YES;
				CLANG_WARN_STRICT_PROTOTYPES = YES;
				CLANG_WARN_SUSPICIOUS_MOVE = YES;
				CLANG_WARN_UNGUARDED_AVAILABILITY = YES_AGGRESSIVE;
				CLANG_WARN_UNREACHABLE_CODE = YES;
				CLANG_WARN__DUPLICATE_METHOD_MATCH = YES;
				COPY_PHASE_STRIP = NO;
				DEBUG_INFORMATION_FORMAT = "dwarf-with-dsym";
				ENABLE_NS_ASSERTIONS = NO;
				ENABLE_STRICT_OBJC_MSGSEND = YES;
				ENABLE_USER_SCRIPT_SANDBOXING = YES;
				GCC_C_LANGUAGE_STANDARD = gnu17;
				GCC_NO_COMMON_BLOCKS = YES;
				GCC_WARN_64_TO_32_BIT_CONVERSION = YES;
				GCC_WARN_ABOUT_RETURN_TYPE = YES_ERROR;
				GCC_WARN_UNDECLARED_SELECTOR = YES;
				GCC_WARN_UNINITIALIZED_AUTOS = YES_AGGRESSIVE;
				GCC_WARN_UNUSED_FUNCTION = YES;
				GCC_WARN_UNUSED_VARIABLE = YES;
				IPHONEOS_DEPLOYMENT_TARGET = 18.1;
				LOCALIZATION_PREFERS_STRING_CATALOGS = YES;
				MTL_ENABLE_DEBUG_INFO = NO;
				MTL_FAST_MATH = YES;
				SDKROOT = iphoneos;
				SWIFT_COMPILATION_MODE = wholemodule;
				VALIDATE_PRODUCT = YES;
			};
			name = Release;
		};
		D597D61E2DA4C17E00035DB4 /* Debug */ = {
			isa = XCBuildConfiguration;
			buildSettings = {
				ASSETCATALOG_COMPILER_APPICON_NAME = AppIcon;
				ASSETCATALOG_COMPILER_GLOBAL_ACCENT_COLOR_NAME = AccentColor;
				CODE_SIGN_STYLE = Automatic;
				CURRENT_PROJECT_VERSION = 1;
				DEVELOPMENT_ASSET_PATHS = "\"Luper/Preview Content\"";
				DEVELOPMENT_TEAM = NRKJT65Y4V;
				ENABLE_PREVIEWS = YES;
				GENERATE_INFOPLIST_FILE = YES;
				INFOPLIST_KEY_UIApplicationSceneManifest_Generation = YES;
				INFOPLIST_KEY_UIApplicationSupportsIndirectInputEvents = YES;
				INFOPLIST_KEY_UILaunchScreen_Generation = YES;
				INFOPLIST_KEY_UISupportedInterfaceOrientations_iPad = "UIInterfaceOrientationPortrait UIInterfaceOrientationPortraitUpsideDown UIInterfaceOrientationLandscapeLeft UIInterfaceOrientationLandscapeRight";
				INFOPLIST_KEY_UISupportedInterfaceOrientations_iPhone = "UIInterfaceOrientationPortrait UIInterfaceOrientationLandscapeLeft UIInterfaceOrientationLandscapeRight";
				LD_RUNPATH_SEARCH_PATHS = (
					"$(inherited)",
					"@executable_path/Frameworks",
				);
				MARKETING_VERSION = 1.0;
				PRODUCT_BUNDLE_IDENTIFIER = EPRAUDITE.Luper;
				PRODUCT_NAME = "$(TARGET_NAME)";
				SWIFT_EMIT_LOC_STRINGS = YES;
				SWIFT_VERSION = 5.0;
				TARGETED_DEVICE_FAMILY = "1,2";
			};
			name = Debug;
		};
		D597D61F2DA4C17E00035DB4 /* Release */ = {
			isa = XCBuildConfiguration;
			buildSettings = {
				ASSETCATALOG_COMPILER_APPICON_NAME = AppIcon;
				ASSETCATALOG_COMPILER_GLOBAL_ACCENT_COLOR_NAME = AccentColor;
				CODE_SIGN_STYLE = Automatic;
				CURRENT_PROJECT_VERSION = 1;
				DEVELOPMENT_ASSET_PATHS = "\"Luper/Preview Content\"";
				DEVELOPMENT_TEAM = NRKJT65Y4V;
				ENABLE_PREVIEWS = YES;
				GENERATE_INFOPLIST_FILE = YES;
				INFOPLIST_KEY_UIApplicationSceneManifest_Generation = YES;
				INFOPLIST_KEY_UIApplicationSupportsIndirectInputEvents = YES;
				INFOPLIST_KEY_UILaunchScreen_Generation = YES;
				INFOPLIST_KEY_UISupportedInterfaceOrientations_iPad = "UIInterfaceOrientationPortrait UIInterfaceOrientationPortraitUpsideDown UIInterfaceOrientationLandscapeLeft UIInterfaceOrientationLandscapeRight";
				INFOPLIST_KEY_UISupportedInterfaceOrientations_iPhone = "UIInterfaceOrientationPortrait UIInterfaceOrientationLandscapeLeft UIInterfaceOrientationLandscapeRight";
				LD_RUNPATH_SEARCH_PATHS = (
					"$(inherited)",
					"@executable_path/Frameworks",
				);
				MARKETING_VERSION = 1.0;
				PRODUCT_BUNDLE_IDENTIFIER = EPRAUDITE.Luper;
				PRODUCT_NAME = "$(TARGET_NAME)";
				SWIFT_EMIT_LOC_STRINGS = YES;
				SWIFT_VERSION = 5.0;
				TARGETED_DEVICE_FAMILY = "1,2";
			};
			name = Release;
		};
/* End XCBuildConfiguration section */

/* Begin XCConfigurationList section */
		D597D60A2DA4C17D00035DB4 /* Build configuration list for PBXProject "Luper" */ = {
			isa = XCConfigurationList;
			buildConfigurations = (
				D597D61B2DA4C17E00035DB4 /* Debug */,
				D597D61C2DA4C17E00035DB4 /* Release */,
			);
			defaultConfigurationIsVisible = 0;
			defaultConfigurationName = Release;
		};
		D597D61D2DA4C17E00035DB4 /* Build configuration list for PBXNativeTarget "Luper" */ = {
			isa = XCConfigurationList;
			buildConfigurations = (
				D597D61E2DA4C17E00035DB4 /* Debug */,
				D597D61F2DA4C17E00035DB4 /* Release */,
			);
			defaultConfigurationIsVisible = 0;
			defaultConfigurationName = Release;
		};
/* End XCConfigurationList section */

/* Begin XCRemoteSwiftPackageReference section */
		D597D6752DA4D11700035DB4 /* XCRemoteSwiftPackageReference "firebase-ios-sdk" */ = {
			isa = XCRemoteSwiftPackageReference;
			repositoryURL = "https://github.com/firebase/firebase-ios-sdk";
			requirement = {
				kind = upToNextMajorVersion;
				minimumVersion = 11.11.0;
			};
		};
/* End XCRemoteSwiftPackageReference section */

/* Begin XCSwiftPackageProductDependency section */
		D597D6762DA4D11700035DB4 /* FirebaseAnalytics */ = {
			isa = XCSwiftPackageProductDependency;
			package = D597D6752DA4D11700035DB4 /* XCRemoteSwiftPackageReference "firebase-ios-sdk" */;
			productName = FirebaseAnalytics;
		};
		D597D6782DA4D11700035DB4 /* FirebaseAnalyticsOnDeviceConversion */ = {
			isa = XCSwiftPackageProductDependency;
			package = D597D6752DA4D11700035DB4 /* XCRemoteSwiftPackageReference "firebase-ios-sdk" */;
			productName = FirebaseAnalyticsOnDeviceConversion;
		};
		D597D67A2DA4D11700035DB4 /* FirebaseAnalyticsWithoutAdIdSupport */ = {
			isa = XCSwiftPackageProductDependency;
			package = D597D6752DA4D11700035DB4 /* XCRemoteSwiftPackageReference "firebase-ios-sdk" */;
			productName = FirebaseAnalyticsWithoutAdIdSupport;
		};
		D597D67C2DA4D11700035DB4 /* FirebaseAppCheck */ = {
			isa = XCSwiftPackageProductDependency;
			package = D597D6752DA4D11700035DB4 /* XCRemoteSwiftPackageReference "firebase-ios-sdk" */;
			productName = FirebaseAppCheck;
		};
		D597D67E2DA4D11700035DB4 /* FirebaseAppDistribution-Beta */ = {
			isa = XCSwiftPackageProductDependency;
			package = D597D6752DA4D11700035DB4 /* XCRemoteSwiftPackageReference "firebase-ios-sdk" */;
			productName = "FirebaseAppDistribution-Beta";
		};
		D597D6802DA4D11700035DB4 /* FirebaseAuth */ = {
			isa = XCSwiftPackageProductDependency;
			package = D597D6752DA4D11700035DB4 /* XCRemoteSwiftPackageReference "firebase-ios-sdk" */;
			productName = FirebaseAuth;
		};
		D597D6822DA4D11700035DB4 /* FirebaseAuthCombine-Community */ = {
			isa = XCSwiftPackageProductDependency;
			package = D597D6752DA4D11700035DB4 /* XCRemoteSwiftPackageReference "firebase-ios-sdk" */;
			productName = "FirebaseAuthCombine-Community";
		};
		D597D6842DA4D11700035DB4 /* FirebaseCore */ = {
			isa = XCSwiftPackageProductDependency;
			package = D597D6752DA4D11700035DB4 /* XCRemoteSwiftPackageReference "firebase-ios-sdk" */;
			productName = FirebaseCore;
		};
		D597D6862DA4D11700035DB4 /* FirebaseCrashlytics */ = {
			isa = XCSwiftPackageProductDependency;
			package = D597D6752DA4D11700035DB4 /* XCRemoteSwiftPackageReference "firebase-ios-sdk" */;
			productName = FirebaseCrashlytics;
		};
		D597D6882DA4D11700035DB4 /* FirebaseDatabase */ = {
			isa = XCSwiftPackageProductDependency;
			package = D597D6752DA4D11700035DB4 /* XCRemoteSwiftPackageReference "firebase-ios-sdk" */;
			productName = FirebaseDatabase;
		};
		D597D68A2DA4D11700035DB4 /* FirebaseDynamicLinks */ = {
			isa = XCSwiftPackageProductDependency;
			package = D597D6752DA4D11700035DB4 /* XCRemoteSwiftPackageReference "firebase-ios-sdk" */;
			productName = FirebaseDynamicLinks;
		};
		D597D68C2DA4D11700035DB4 /* FirebaseFirestore */ = {
			isa = XCSwiftPackageProductDependency;
			package = D597D6752DA4D11700035DB4 /* XCRemoteSwiftPackageReference "firebase-ios-sdk" */;
			productName = FirebaseFirestore;
		};
		D597D68E2DA4D11700035DB4 /* FirebaseFirestoreCombine-Community */ = {
			isa = XCSwiftPackageProductDependency;
			package = D597D6752DA4D11700035DB4 /* XCRemoteSwiftPackageReference "firebase-ios-sdk" */;
			productName = "FirebaseFirestoreCombine-Community";
		};
		D597D6902DA4D11700035DB4 /* FirebaseFunctions */ = {
			isa = XCSwiftPackageProductDependency;
			package = D597D6752DA4D11700035DB4 /* XCRemoteSwiftPackageReference "firebase-ios-sdk" */;
			productName = FirebaseFunctions;
		};
		D597D6922DA4D11700035DB4 /* FirebaseFunctionsCombine-Community */ = {
			isa = XCSwiftPackageProductDependency;
			package = D597D6752DA4D11700035DB4 /* XCRemoteSwiftPackageReference "firebase-ios-sdk" */;
			productName = "FirebaseFunctionsCombine-Community";
		};
		D597D6942DA4D11700035DB4 /* FirebaseInAppMessaging-Beta */ = {
			isa = XCSwiftPackageProductDependency;
			package = D597D6752DA4D11700035DB4 /* XCRemoteSwiftPackageReference "firebase-ios-sdk" */;
			productName = "FirebaseInAppMessaging-Beta";
		};
		D597D6962DA4D11700035DB4 /* FirebaseInstallations */ = {
			isa = XCSwiftPackageProductDependency;
			package = D597D6752DA4D11700035DB4 /* XCRemoteSwiftPackageReference "firebase-ios-sdk" */;
			productName = FirebaseInstallations;
		};
		D597D6982DA4D11700035DB4 /* FirebaseMLModelDownloader */ = {
			isa = XCSwiftPackageProductDependency;
			package = D597D6752DA4D11700035DB4 /* XCRemoteSwiftPackageReference "firebase-ios-sdk" */;
			productName = FirebaseMLModelDownloader;
		};
		D597D69A2DA4D11700035DB4 /* FirebaseMessaging */ = {
			isa = XCSwiftPackageProductDependency;
			package = D597D6752DA4D11700035DB4 /* XCRemoteSwiftPackageReference "firebase-ios-sdk" */;
			productName = FirebaseMessaging;
		};
		D597D69C2DA4D11700035DB4 /* FirebasePerformance */ = {
			isa = XCSwiftPackageProductDependency;
			package = D597D6752DA4D11700035DB4 /* XCRemoteSwiftPackageReference "firebase-ios-sdk" */;
			productName = FirebasePerformance;
		};
		D597D69E2DA4D11700035DB4 /* FirebaseRemoteConfig */ = {
			isa = XCSwiftPackageProductDependency;
			package = D597D6752DA4D11700035DB4 /* XCRemoteSwiftPackageReference "firebase-ios-sdk" */;
			productName = FirebaseRemoteConfig;
		};
		D597D6A02DA4D11700035DB4 /* FirebaseStorage */ = {
			isa = XCSwiftPackageProductDependency;
			package = D597D6752DA4D11700035DB4 /* XCRemoteSwiftPackageReference "firebase-ios-sdk" */;
			productName = FirebaseStorage;
		};
		D597D6A22DA4D11700035DB4 /* FirebaseStorageCombine-Community */ = {
			isa = XCSwiftPackageProductDependency;
			package = D597D6752DA4D11700035DB4 /* XCRemoteSwiftPackageReference "firebase-ios-sdk" */;
			productName = "FirebaseStorageCombine-Community";
		};
		D597D6A42DA4D11700035DB4 /* FirebaseVertexAI */ = {
			isa = XCSwiftPackageProductDependency;
			package = D597D6752DA4D11700035DB4 /* XCRemoteSwiftPackageReference "firebase-ios-sdk" */;
			productName = FirebaseVertexAI;
		};
/* End XCSwiftPackageProductDependency section */
	};
	rootObject = D597D6072DA4C17D00035DB4 /* Project object */;
}
